
Microsoft Visual Studio Solution File, Format Version 12.00
# Visual Studio Version 17
VisualStudioVersion = 17.0.32112.339
MinimumVisualStudioVersion = 10.0.40219.1
Project("{FAE04EC0-301F-11D3-BF4B-00C04F79EFBC}") = "DES_Task_02", "DES_Task_02\DES_Task_02.csproj", "{945600C0-6AAB-408C-A67F-332F5B9B72EC}"
EndProject
Project("{FAE04EC0-301F-11D3-BF4B-00C04F79EFBC}") = "DES_Task_03", "DES_Task_03\DES_Task_03.csproj", "{5C84AF4A-5EAE-491E-B5E8-E57EF9DC5D70}"
EndProject
Project("{FAE04EC0-301F-11D3-BF4B-00C04F79EFBC}") = "DES_Task_01", "DES_Task_01\DES_Task_01.csproj", "{42D03403-E465-4309-BE0A-0CDC2ED5E029}"
EndProject
Global
	GlobalSection(SolutionConfigurationPlatforms) = preSolution
		Debug|Any CPU = Debug|Any CPU
		Release|Any CPU = Release|Any CPU
	EndGlobalSection
	GlobalSection(ProjectConfigurationPlatforms) = postSolution
		{945600C0-6AAB-408C-A67F-332F5B9B72EC}.Debug|Any CPU.ActiveCfg = Debug|Any CPU
		{945600C0-6AAB-408C-A67F-332F5B9B72EC}.Debug|Any CPU.Build.0 = Debug|Any CPU
		{945600C0-6AAB-408C-A67F-332F5B9B72EC}.Release|Any CPU.ActiveCfg = Release|Any CPU
		{945600C0-6AAB-408C-A67F-332F5B9B72EC}.Release|Any CPU.Build.0 = Release|Any CPU
		{5C84AF4A-5EAE-491E-B5E8-E57EF9DC5D70}.Debug|Any CPU.ActiveCfg = Debug|Any CPU
		{5C84AF4A-5EAE-491E-B5E8-E57EF9DC5D70}.Debug|Any CPU.Build.0 = Debug|Any CPU
		{5C84AF4A-5EAE-491E-B5E8-E57EF9DC5D70}.Release|Any CPU.ActiveCfg = Release|Any CPU
		{5C84AF4A-5EAE-491E-B5E8-E57EF9DC5D70}.Release|Any CPU.Build.0 = Release|Any CPU
		{42D03403-E465-4309-BE0A-0CDC2ED5E029}.Debug|Any CPU.ActiveCfg = Debug|Any CPU
		{42D03403-E465-4309-BE0A-0CDC2ED5E029}.Debug|Any CPU.Build.0 = Debug|Any CPU
		{42D03403-E465-4309-BE0A-0CDC2ED5E029}.Release|Any CPU.ActiveCfg = Release|Any CPU
		{42D03403-E465-4309-BE0A-0CDC2ED5E029}.Release|Any CPU.Build.0 = Release|Any CPU
	EndGlobalSection
	GlobalSection(SolutionProperties) = preSolution
		HideSolutionNode = FALSE
	EndGlobalSection
	GlobalSection(ExtensibilityGlobals) = postSolution
		SolutionGuid = {22B94BE0-F1E0-43C2-89ED-911D5EC84145}
	EndGlobalSection
EndGlobal
